
Microsoft Visual Studio Solution File, Format Version 12.00
# Visual Studio Version 16
VisualStudioVersion = 25.0.1705.6
MinimumVisualStudioVersion = 10.0.40219.1
Project("{FAE04EC0-301F-11D3-BF4B-00C04F79EFBC}") = "Day1a", "Day1a\Day1a.csproj", "{16CF9644-E691-421D-995A-2BFAFDAE724B}"
EndProject
Project("{FAE04EC0-301F-11D3-BF4B-00C04F79EFBC}") = "Day1b", "Day1b\Day1b.csproj", "{6C52256B-6056-40C3-83FE-8892CBE798D2}"
EndProject
Project("{FAE04EC0-301F-11D3-BF4B-00C04F79EFBC}") = "Day2a", "Day2a\Day2a.csproj", "{9B39E1A7-3E36-4F77-BCCA-78CF5A123A3B}"
EndProject
Project("{FAE04EC0-301F-11D3-BF4B-00C04F79EFBC}") = "Helpers", "Helpers\Helpers.csproj", "{D8C97D1C-35CF-481F-94B7-5B574E20D6D8}"
EndProject
Project("{2150E333-8FDC-42A3-9474-1A3956D46DE8}") = "Solution Items", "Solution Items", "{A3EF781C-12EF-426E-985B-C78AE8E3DB89}"
	ProjectSection(SolutionItems) = preProject
		.editorconfig = .editorconfig
	EndProjectSection
EndProject
Project("{FAE04EC0-301F-11D3-BF4B-00C04F79EFBC}") = "Day3", "Day3\Day3.csproj", "{E43FA5AC-ACAC-4AFA-8898-9F5ABCFF1CD1}"
EndProject
Project("{FAE04EC0-301F-11D3-BF4B-00C04F79EFBC}") = "Day4", "Day4\Day4.csproj", "{56422CBF-F8DC-4031-843F-3D2B5A672686}"
EndProject
Project("{FAE04EC0-301F-11D3-BF4B-00C04F79EFBC}") = "Day5", "Day5\Day5.csproj", "{F39F63CF-C097-4A64-B32C-60735298F72F}"
EndProject
Global
	GlobalSection(SolutionConfigurationPlatforms) = preSolution
		Debug|Any CPU = Debug|Any CPU
		Release|Any CPU = Release|Any CPU
	EndGlobalSection
	GlobalSection(ProjectConfigurationPlatforms) = postSolution
		{16CF9644-E691-421D-995A-2BFAFDAE724B}.Debug|Any CPU.ActiveCfg = Debug|Any CPU
		{16CF9644-E691-421D-995A-2BFAFDAE724B}.Debug|Any CPU.Build.0 = Debug|Any CPU
		{16CF9644-E691-421D-995A-2BFAFDAE724B}.Release|Any CPU.ActiveCfg = Release|Any CPU
		{16CF9644-E691-421D-995A-2BFAFDAE724B}.Release|Any CPU.Build.0 = Release|Any CPU
		{6C52256B-6056-40C3-83FE-8892CBE798D2}.Debug|Any CPU.ActiveCfg = Debug|Any CPU
		{6C52256B-6056-40C3-83FE-8892CBE798D2}.Debug|Any CPU.Build.0 = Debug|Any CPU
		{6C52256B-6056-40C3-83FE-8892CBE798D2}.Release|Any CPU.ActiveCfg = Release|Any CPU
		{6C52256B-6056-40C3-83FE-8892CBE798D2}.Release|Any CPU.Build.0 = Release|Any CPU
		{9B39E1A7-3E36-4F77-BCCA-78CF5A123A3B}.Debug|Any CPU.ActiveCfg = Debug|Any CPU
		{9B39E1A7-3E36-4F77-BCCA-78CF5A123A3B}.Debug|Any CPU.Build.0 = Debug|Any CPU
		{9B39E1A7-3E36-4F77-BCCA-78CF5A123A3B}.Release|Any CPU.ActiveCfg = Release|Any CPU
		{9B39E1A7-3E36-4F77-BCCA-78CF5A123A3B}.Release|Any CPU.Build.0 = Release|Any CPU
		{D8C97D1C-35CF-481F-94B7-5B574E20D6D8}.Debug|Any CPU.ActiveCfg = Debug|Any CPU
		{D8C97D1C-35CF-481F-94B7-5B574E20D6D8}.Debug|Any CPU.Build.0 = Debug|Any CPU
		{D8C97D1C-35CF-481F-94B7-5B574E20D6D8}.Release|Any CPU.ActiveCfg = Release|Any CPU
		{D8C97D1C-35CF-481F-94B7-5B574E20D6D8}.Release|Any CPU.Build.0 = Release|Any CPU
		{E43FA5AC-ACAC-4AFA-8898-9F5ABCFF1CD1}.Debug|Any CPU.ActiveCfg = Debug|Any CPU
		{E43FA5AC-ACAC-4AFA-8898-9F5ABCFF1CD1}.Debug|Any CPU.Build.0 = Debug|Any CPU
		{E43FA5AC-ACAC-4AFA-8898-9F5ABCFF1CD1}.Release|Any CPU.ActiveCfg = Release|Any CPU
		{E43FA5AC-ACAC-4AFA-8898-9F5ABCFF1CD1}.Release|Any CPU.Build.0 = Release|Any CPU
		{56422CBF-F8DC-4031-843F-3D2B5A672686}.Debug|Any CPU.ActiveCfg = Debug|Any CPU
		{56422CBF-F8DC-4031-843F-3D2B5A672686}.Debug|Any CPU.Build.0 = Debug|Any CPU
		{56422CBF-F8DC-4031-843F-3D2B5A672686}.Release|Any CPU.ActiveCfg = Release|Any CPU
		{56422CBF-F8DC-4031-843F-3D2B5A672686}.Release|Any CPU.Build.0 = Release|Any CPU
		{F39F63CF-C097-4A64-B32C-60735298F72F}.Debug|Any CPU.ActiveCfg = Debug|Any CPU
		{F39F63CF-C097-4A64-B32C-60735298F72F}.Debug|Any CPU.Build.0 = Debug|Any CPU
		{F39F63CF-C097-4A64-B32C-60735298F72F}.Release|Any CPU.ActiveCfg = Release|Any CPU
		{F39F63CF-C097-4A64-B32C-60735298F72F}.Release|Any CPU.Build.0 = Release|Any CPU
	EndGlobalSection
	GlobalSection(SolutionProperties) = preSolution
		HideSolutionNode = FALSE
	EndGlobalSection
	GlobalSection(ExtensibilityGlobals) = postSolution
		SolutionGuid = {C26131C2-E7FA-4307-B657-52814CE19C16}
	EndGlobalSection
EndGlobal
